
Microsoft Visual Studio Solution File, Format Version 12.00
# Visual Studio 14
VisualStudioVersion = 14.0.24720.0
MinimumVisualStudioVersion = 10.0.40219.1
Project("{FAE04EC0-301F-11D3-BF4B-00C04F79EFBC}") = "Lab1", "Lab1.csproj", "{0BC2E10D-7F71-479D-917C-D542B98B740E}"
EndProject
Project("{FAE04EC0-301F-11D3-BF4B-00C04F79EFBC}") = "Lab2", "..\Lab2\Lab2.csproj", "{1479582B-8060-447B-A669-1147AC1E7230}"
EndProject
Project("{FAE04EC0-301F-11D3-BF4B-00C04F79EFBC}") = "Lab2.2", "Lab2.2\Lab2.2.csproj", "{6CBEAC9C-9635-45F8-A0A6-403ACBEC27A1}"
EndProject
Global
	GlobalSection(SolutionConfigurationPlatforms) = preSolution
		Debug|Any CPU = Debug|Any CPU
		Release|Any CPU = Release|Any CPU
	EndGlobalSection
	GlobalSection(ProjectConfigurationPlatforms) = postSolution
		{0BC2E10D-7F71-479D-917C-D542B98B740E}.Debug|Any CPU.ActiveCfg = Debug|Any CPU
		{0BC2E10D-7F71-479D-917C-D542B98B740E}.Debug|Any CPU.Build.0 = Debug|Any CPU
		{0BC2E10D-7F71-479D-917C-D542B98B740E}.Release|Any CPU.ActiveCfg = Release|Any CPU
		{0BC2E10D-7F71-479D-917C-D542B98B740E}.Release|Any CPU.Build.0 = Release|Any CPU
		{1479582B-8060-447B-A669-1147AC1E7230}.Debug|Any CPU.ActiveCfg = Debug|Any CPU
		{1479582B-8060-447B-A669-1147AC1E7230}.Debug|Any CPU.Build.0 = Debug|Any CPU
		{1479582B-8060-447B-A669-1147AC1E7230}.Release|Any CPU.ActiveCfg = Release|Any CPU
		{1479582B-8060-447B-A669-1147AC1E7230}.Release|Any CPU.Build.0 = Release|Any CPU
		{6CBEAC9C-9635-45F8-A0A6-403ACBEC27A1}.Debug|Any CPU.ActiveCfg = Debug|Any CPU
		{6CBEAC9C-9635-45F8-A0A6-403ACBEC27A1}.Debug|Any CPU.Build.0 = Debug|Any CPU
		{6CBEAC9C-9635-45F8-A0A6-403ACBEC27A1}.Release|Any CPU.ActiveCfg = Release|Any CPU
		{6CBEAC9C-9635-45F8-A0A6-403ACBEC27A1}.Release|Any CPU.Build.0 = Release|Any CPU
	EndGlobalSection
	GlobalSection(SolutionProperties) = preSolution
		HideSolutionNode = FALSE
	EndGlobalSection
EndGlobal
